
Microsoft Visual Studio Solution File, Format Version 12.00
# Visual Studio 15
Project("{FAE04EC0-301F-11D3-BF4B-00C04F79EFBC}") = "Assembly-CSharp", "Assembly-CSharp.csproj", "{44E6F0BE-9850-DAF8-C27B-E42294671B70}"
EndProject
Project("{FAE04EC0-301F-11D3-BF4B-00C04F79EFBC}") = "Assembly-CSharp-firstpass", "Assembly-CSharp-firstpass.csproj", "{8245A03C-E7B4-2594-B95D-90BA5B19F2AF}"
EndProject
Project("{FAE04EC0-301F-11D3-BF4B-00C04F79EFBC}") = "Assembly-CSharp-Editor", "Assembly-CSharp-Editor.csproj", "{15378784-0E1B-8B18-2F70-1B70F2BCD611}"
EndProject
Global
	GlobalSection(SolutionConfigurationPlatforms) = preSolution
		Debug|Any CPU = Debug|Any CPU
		Release|Any CPU = Release|Any CPU
	EndGlobalSection
	GlobalSection(ProjectConfigurationPlatforms) = postSolution
		{44E6F0BE-9850-DAF8-C27B-E42294671B70}.Debug|Any CPU.ActiveCfg = Debug|Any CPU
		{44E6F0BE-9850-DAF8-C27B-E42294671B70}.Debug|Any CPU.Build.0 = Debug|Any CPU
		{44E6F0BE-9850-DAF8-C27B-E42294671B70}.Release|Any CPU.ActiveCfg = Release|Any CPU
		{44E6F0BE-9850-DAF8-C27B-E42294671B70}.Release|Any CPU.Build.0 = Release|Any CPU
		{8245A03C-E7B4-2594-B95D-90BA5B19F2AF}.Debug|Any CPU.ActiveCfg = Debug|Any CPU
		{8245A03C-E7B4-2594-B95D-90BA5B19F2AF}.Debug|Any CPU.Build.0 = Debug|Any CPU
		{8245A03C-E7B4-2594-B95D-90BA5B19F2AF}.Release|Any CPU.ActiveCfg = Release|Any CPU
		{8245A03C-E7B4-2594-B95D-90BA5B19F2AF}.Release|Any CPU.Build.0 = Release|Any CPU
		{15378784-0E1B-8B18-2F70-1B70F2BCD611}.Debug|Any CPU.ActiveCfg = Debug|Any CPU
		{15378784-0E1B-8B18-2F70-1B70F2BCD611}.Debug|Any CPU.Build.0 = Debug|Any CPU
		{15378784-0E1B-8B18-2F70-1B70F2BCD611}.Release|Any CPU.ActiveCfg = Release|Any CPU
		{15378784-0E1B-8B18-2F70-1B70F2BCD611}.Release|Any CPU.Build.0 = Release|Any CPU
	EndGlobalSection
	GlobalSection(SolutionProperties) = preSolution
		HideSolutionNode = FALSE
	EndGlobalSection
EndGlobal
